
Microsoft Visual Studio Solution File, Format Version 12.00
# Visual Studio 15
VisualStudioVersion = 15.0.28307.271
MinimumVisualStudioVersion = 10.0.40219.1
Project("{FAE04EC0-301F-11D3-BF4B-00C04F79EFBC}") = "DuckSimulator", "DuckSimulator\DuckSimulator.csproj", "{B668A241-9B9D-450E-AD78-5F286E1E008B}"
EndProject
Global
	GlobalSection(SolutionConfigurationPlatforms) = preSolution
		Debug|Any CPU = Debug|Any CPU
		Release|Any CPU = Release|Any CPU
	EndGlobalSection
	GlobalSection(ProjectConfigurationPlatforms) = postSolution
		{B668A241-9B9D-450E-AD78-5F286E1E008B}.Debug|Any CPU.ActiveCfg = Debug|Any CPU
		{B668A241-9B9D-450E-AD78-5F286E1E008B}.Debug|Any CPU.Build.0 = Debug|Any CPU
		{B668A241-9B9D-450E-AD78-5F286E1E008B}.Release|Any CPU.ActiveCfg = Release|Any CPU
		{B668A241-9B9D-450E-AD78-5F286E1E008B}.Release|Any CPU.Build.0 = Release|Any CPU
	EndGlobalSection
	GlobalSection(SolutionProperties) = preSolution
		HideSolutionNode = FALSE
	EndGlobalSection
	GlobalSection(ExtensibilityGlobals) = postSolution
		SolutionGuid = {B7CCF77D-FD90-4C3F-B426-EADDC1006717}
	EndGlobalSection
EndGlobal
